
Microsoft Visual Studio Solution File, Format Version 12.00
# Visual Studio 2013
VisualStudioVersion = 12.0.30501.0
MinimumVisualStudioVersion = 10.0.40219.1
Project("{2150E333-8FDC-42A3-9474-1A3956D46DE8}") = ".nuget", ".nuget", "{91E26D5C-1E2A-46AC-89C6-0ECFDCCFFE75}"
	ProjectSection(SolutionItems) = preProject
		.nuget\NuGet.Config = .nuget\NuGet.Config
		.nuget\NuGet.exe = .nuget\NuGet.exe
		.nuget\NuGet.targets = .nuget\NuGet.targets
	EndProjectSection
EndProject
Project("{F2A71F9B-5D33-465A-A702-920D77279786}") = "Tabular", "Tabular\Tabular.fsproj", "{CDFB169A-3CA6-4E26-B61E-0A910F4BCD5D}"
EndProject
Project("{F2A71F9B-5D33-465A-A702-920D77279786}") = "TaskPane", "TaskPane\TaskPane.fsproj", "{39E8A4A7-8B94-47EE-88F6-122BDC19F5EE}"
EndProject
Project("{FAE04EC0-301F-11D3-BF4B-00C04F79EFBC}") = "TaskPaneScreen", "TaskPaneScreen\TaskPaneScreen.csproj", "{CADD6FDB-F0A3-446D-A91D-B76796DF93D9}"
EndProject
Project("{F2A71F9B-5D33-465A-A702-920D77279786}") = "TaskPaneModel", "TaskPaneModel\TaskPaneModel.fsproj", "{F4532845-59AB-42A8-82E7-1C1B32A88213}"
EndProject
Project("{F2A71F9B-5D33-465A-A702-920D77279786}") = "TabularExcelTaskPaneWindows", "TabularExcelTaskPaneWindows\TabularExcelTaskPaneWindows.fsproj", "{B4599A03-62EF-42F5-A2E6-CB284AB4938B}"
EndProject
Project("{F2A71F9B-5D33-465A-A702-920D77279786}") = "Parsing", "Parsing\Parsing.fsproj", "{4D13B34E-2527-4295-A8B3-7770595147E7}"
EndProject
Project("{F2A71F9B-5D33-465A-A702-920D77279786}") = "TabularModelLibrary", "TabularModelLibrary\TabularModelLibrary.fsproj", "{DA5FB590-3EA4-4BB5-8984-C4EF504B4EBB}"
EndProject
Project("{F2A71F9B-5D33-465A-A702-920D77279786}") = "BugTaskPaneFS", "BugTaskPaneFS\BugTaskPaneFS.fsproj", "{7362A048-7AB9-470E-88B7-84AF7BA5F64B}"
EndProject
Project("{FAE04EC0-301F-11D3-BF4B-00C04F79EFBC}") = "TaskPaneVSTO", "TaskPaneVSTO\TaskPaneVSTO.csproj", "{A0DC968C-D718-46B9-A453-E6E9F67874A9}"
EndProject
Project("{FAE04EC0-301F-11D3-BF4B-00C04F79EFBC}") = "TaskPaneUDF", "TaskPaneUDF\TaskPaneUDF.csproj", "{19ECE7F3-F7AF-4950-914B-626781E6CED0}"
EndProject
Project("{F2A71F9B-5D33-465A-A702-920D77279786}") = "TaskPaneDNA", "TaskPaneDNA\TaskPaneDNA.fsproj", "{73200F9A-90BB-4788-B2C6-B0651DC6E88B}"
EndProject
Project("{FAE04EC0-301F-11D3-BF4B-00C04F79EFBC}") = "TaskPaneUDF32", "TaskPaneUDF32\TaskPaneUDF32.csproj", "{3E977158-635C-426D-892E-6B11E5E01D08}"
EndProject
Project("{F2A71F9B-5D33-465A-A702-920D77279786}") = "TabularCompiler.Tests", "TabularCompiler.Tests\TabularCompiler.Tests.fsproj", "{B8C529B6-39E3-46F3-8566-78C152AF3A16}"
EndProject
Project("{F2A71F9B-5D33-465A-A702-920D77279786}") = "TabularChecker.Tests", "TabularChecker.Tests\TabularChecker.Tests.fsproj", "{ED2B80FA-2984-48E9-8DBD-1B4E1947459A}"
EndProject
Project("{F2A71F9B-5D33-465A-A702-920D77279786}") = "TabularOld", "TabularOld\TabularOld.fsproj", "{4ED38301-8C46-4D00-B3DB-B1CCCE045979}"
EndProject
Project("{F2A71F9B-5D33-465A-A702-920D77279786}") = "TabularExcelCLI", "TabularExcelCLI\TabularExcelCLI.fsproj", "{A8D4DAD6-3156-49CD-8E1E-FC429BE89540}"
EndProject
Project("{F2A71F9B-5D33-465A-A702-920D77279786}") = "DataLayerExecution", "DataLayerExecution\DataLayerExecution.fsproj", "{FCAAEB2D-E1F3-41B2-B962-C98C87516126}"
EndProject
Project("{F2A71F9B-5D33-465A-A702-920D77279786}") = "DataLayerModel", "DataLayerModel\DataLayerModel.fsproj", "{0271771D-2A8E-48F3-A2D3-CD0E4A06ACB8}"
EndProject
Project("{F2A71F9B-5D33-465A-A702-920D77279786}") = "TabularChecker", "TabularChecker\TabularChecker.fsproj", "{0D2AAC5F-656F-48D6-8D8E-5401E031A94B}"
EndProject
Project("{F2A71F9B-5D33-465A-A702-920D77279786}") = "TabularCompiler", "TabularCompiler\TabularCompiler.fsproj", "{5F6CE5C9-3657-497D-B128-2076FB8FBD9C}"
EndProject
Project("{F2A71F9B-5D33-465A-A702-920D77279786}") = "TabularExecution", "TabularExecution\TabularExecution.fsproj", "{78697A20-1A1A-405F-A13E-79744331BA57}"
EndProject
Project("{F2A71F9B-5D33-465A-A702-920D77279786}") = "TaskPaneTestWindow", "TaskPaneTestWindow\TaskPaneTestWindow.fsproj", "{30597BE9-08F8-4832-8AB7-009C00A6A2F2}"
EndProject
Project("{2150E333-8FDC-42A3-9474-1A3956D46DE8}") = "Solution Items", "Solution Items", "{48CF97DE-1B47-45A7-8BDF-A8C34CB12C8B}"
	ProjectSection(SolutionItems) = preProject
		build.bat = build.bat
		build.fsx = build.fsx
		example of xdocument.txt = example of xdocument.txt
	EndProjectSection
EndProject
Project("{2150E333-8FDC-42A3-9474-1A3956D46DE8}") = "TabularDataExperimental", "TabularDataExperimental", "{EC82BB4F-46ED-4E6A-B961-63B80FE9E6D9}"
	ProjectSection(SolutionItems) = preProject
		..\TabularDataExperimental\COOBE.xlsx = ..\TabularDataExperimental\COOBE.xlsx
		..\TabularDataExperimental\R2 - LinearRegression.xlsx = ..\TabularDataExperimental\R2 - LinearRegression.xlsx
		..\TabularDataExperimental\TrueSkill-Query.xlsx = ..\TabularDataExperimental\TrueSkill-Query.xlsx
	EndProjectSection
EndProject
Project("{2150E333-8FDC-42A3-9474-1A3956D46DE8}") = "TabularDataInternal", "TabularDataInternal", "{BD5C5252-1857-429C-9AEE-9B6B349BAD6F}"
	ProjectSection(SolutionItems) = preProject
		..\TabularDataInternal\Classification - Mammography With Data.xlsx = ..\TabularDataInternal\Classification - Mammography With Data.xlsx
		..\TabularDataInternal\DARE.xlsx = ..\TabularDataInternal\DARE.xlsx
		..\TabularDataInternal\mammography.xlsx = ..\TabularDataInternal\mammography.xlsx
		..\TabularDataInternal\matchbox.xlsx = ..\TabularDataInternal\matchbox.xlsx
		..\TabularDataInternal\NCAAF.xlsx = ..\TabularDataInternal\NCAAF.xlsx
		..\TabularDataInternal\Ranking - SimpleMatchbox.xlsx = ..\TabularDataInternal\Ranking - SimpleMatchbox.xlsx
		..\TabularDataInternal\Regression - Elections.xlsx = ..\TabularDataInternal\Regression - Elections.xlsx
		..\TabularDataInternal\Regression - HierarchicalLinearRegression With Data.xlsx = ..\TabularDataInternal\Regression - HierarchicalLinearRegression With Data.xlsx
		..\TabularDataInternal\Robot.xlsx = ..\TabularDataInternal\Robot.xlsx
		..\TabularDataInternal\RobotLatentLevel.xlsx = ..\TabularDataInternal\RobotLatentLevel.xlsx
	EndProjectSection
EndProject
Project("{2150E333-8FDC-42A3-9474-1A3956D46DE8}") = "TabularDataPublic", "TabularDataPublic", "{7C2322A1-C6CE-4240-AE87-46242DF9C470}"
	ProjectSection(SolutionItems) = preProject
		..\TabularDataPublic\Basic - Coins.xlsx = ..\TabularDataPublic\Basic - Coins.xlsx
		..\TabularDataPublic\Cheatsheet.xlsx = ..\TabularDataPublic\Cheatsheet.xlsx
		..\TabularDataPublic\Classification - BPM.xlsx = ..\TabularDataPublic\Classification - BPM.xlsx
		..\TabularDataPublic\Classification - Dogs.xlsx = ..\TabularDataPublic\Classification - Dogs.xlsx
		..\TabularDataPublic\Classification - LogisticRegression.xlsx = ..\TabularDataPublic\Classification - LogisticRegression.xlsx
		..\TabularDataPublic\Classification - Mammography.xlsx = ..\TabularDataPublic\Classification - Mammography.xlsx
		..\TabularDataPublic\Classification - Naive Bayes.xlsx = ..\TabularDataPublic\Classification - Naive Bayes.xlsx
		..\TabularDataPublic\Classification - VectorBPM.xlsx = ..\TabularDataPublic\Classification - VectorBPM.xlsx
		..\TabularDataPublic\Clustering - Faithful.xlsx = ..\TabularDataPublic\Clustering - Faithful.xlsx
		..\TabularDataPublic\Clustering - LDA small.xlsx = ..\TabularDataPublic\Clustering - LDA small.xlsx
		..\TabularDataPublic\Clustering - Multivariate Faithful.xlsx = ..\TabularDataPublic\Clustering - Multivariate Faithful.xlsx
		..\TabularDataPublic\NaiveBayesQuery.xlsx = ..\TabularDataPublic\NaiveBayesQuery.xlsx
		..\TabularDataPublic\PCA.xlsx = ..\TabularDataPublic\PCA.xlsx
		..\TabularDataPublic\Ranking - Recommender.xlsx = ..\TabularDataPublic\Ranking - Recommender.xlsx
		..\TabularDataPublic\Ranking - TrueSkill example.xlsx = ..\TabularDataPublic\Ranking - TrueSkill example.xlsx
		..\TabularDataPublic\Ranking - TrueSkill large.xlsx = ..\TabularDataPublic\Ranking - TrueSkill large.xlsx
		..\TabularDataPublic\Ranking - TrueSkill Raw Data.xlsx = ..\TabularDataPublic\Ranking - TrueSkill Raw Data.xlsx
		..\TabularDataPublic\Ranking - TrueSkillBets-large.xlsx = ..\TabularDataPublic\Ranking - TrueSkillBets-large.xlsx
		..\TabularDataPublic\Ranking - TrueSkillBets.xlsx = ..\TabularDataPublic\Ranking - TrueSkillBets.xlsx
		..\TabularDataPublic\Regression - HierarchicalLinearRegression.xlsx = ..\TabularDataPublic\Regression - HierarchicalLinearRegression.xlsx
		..\TabularDataPublic\Regression - LinearRegression.xlsx = ..\TabularDataPublic\Regression - LinearRegression.xlsx
		..\TabularDataPublic\Regression - MultiLinearRegression.xlsx = ..\TabularDataPublic\Regression - MultiLinearRegression.xlsx
	EndProjectSection
EndProject
Project("{F2A71F9B-5D33-465A-A702-920D77279786}") = "LexYaccRuntime", "LexYaccRuntime\LexYaccRuntime.fsproj", "{FCAF64F0-A78E-4D85-93A2-2C60CDE92B51}"
EndProject
Project("{F2A71F9B-5D33-465A-A702-920D77279786}") = "TaskPaneVirtualProject", "TaskPaneVirtualProject\TaskPaneVirtualProject.fsproj", "{B0617AE4-5ECD-45FA-A4AD-AC80D2B3EF1B}"
EndProject
Project("{2150E333-8FDC-42A3-9474-1A3956D46DE8}") = "TabularDataBugs", "TabularDataBugs", "{10DD348B-F810-4E8D-B685-4AC16B25DFB8}"
	ProjectSection(SolutionItems) = preProject
		..\TabularDataBugs\ArrayBug.xlsx = ..\TabularDataBugs\ArrayBug.xlsx
		..\TabularDataBugs\ArrayTest.xlsx = ..\TabularDataBugs\ArrayTest.xlsx
		..\TabularDataBugs\Clustering - Multivariate Faithful.xlsx = ..\TabularDataBugs\Clustering - Multivariate Faithful.xlsx
		..\TabularDataBugs\Cortana.xlsx = ..\TabularDataBugs\Cortana.xlsx
		..\TabularDataBugs\IndexedDependentParamsBug.xlsx = ..\TabularDataBugs\IndexedDependentParamsBug.xlsx
		..\TabularDataBugs\IndexedModelTests.xlsx = ..\TabularDataBugs\IndexedModelTests.xlsx
		..\TabularDataBugs\RangeBugDogs.xlsx = ..\TabularDataBugs\RangeBugDogs.xlsx
		..\TabularDataBugs\repro.xlsx = ..\TabularDataBugs\repro.xlsx
	EndProjectSection
EndProject
Project("{FAE04EC0-301F-11D3-BF4B-00C04F79EFBC}") = "CSharpHelpers", "CSharpHelpers\CSharpHelpers.csproj", "{5257638A-CC80-46EB-BE75-DB9AD91D8B02}"
EndProject
Project("{F2A71F9B-5D33-465A-A702-920D77279786}") = "TabularCSVCLI", "TabularCSVCLI\TabularCSVCLI.fsproj", "{DBF75F1D-6A77-4007-A33B-498ABAFA4CD5}"
EndProject
Project("{F2A71F9B-5D33-465A-A702-920D77279786}") = "TabularCSVCLI.Tests", "TabularCSVCLI.Tests\TabularCSVCLI.Tests.fsproj", "{A10A61C0-60CE-44DD-BB4B-9AC23F81C0CA}"
EndProject
Global
	GlobalSection(TeamFoundationVersionControl) = preSolution
		SccNumberOfProjects = 28
		SccEnterpriseProvider = {4CA58AB2-18FA-4F8D-95D4-32DDF27D184C}
		SccTeamFoundationServer = http://vstfmsrc:8080/tfs/mlp
		SccLocalPath0 = .
		SccProjectUniqueName1 = Tabular\\Tabular.fsproj
		SccProjectName1 = Tabular
		SccLocalPath1 = Tabular
		SccProjectUniqueName2 = TaskPane\\TaskPane.fsproj
		SccProjectName2 = TaskPane
		SccLocalPath2 = TaskPane
		SccProjectUniqueName3 = TaskPaneScreen\\TaskPaneScreen.csproj
		SccProjectName3 = TaskPaneScreen
		SccLocalPath3 = TaskPaneScreen
		SccProjectUniqueName4 = TaskPaneModel\\TaskPaneModel.fsproj
		SccProjectName4 = TaskPaneModel
		SccLocalPath4 = TaskPaneModel
		SccProjectUniqueName5 = TabularExcelTaskPaneWindows\\TabularExcelTaskPaneWindows.fsproj
		SccProjectName5 = TabularExcelTaskPaneWindows
		SccLocalPath5 = TabularExcelTaskPaneWindows
		SccProjectUniqueName6 = Parsing\\Parsing.fsproj
		SccProjectName6 = Parsing
		SccLocalPath6 = Parsing
		SccProjectUniqueName7 = TabularModelLibrary\\TabularModelLibrary.fsproj
		SccProjectName7 = TabularModelLibrary
		SccLocalPath7 = TabularModelLibrary
		SccProjectUniqueName8 = BugTaskPaneFS\\BugTaskPaneFS.fsproj
		SccProjectName8 = BugTaskPaneFS
		SccLocalPath8 = BugTaskPaneFS
		SccProjectUniqueName9 = TaskPaneDNA\\TaskPaneDNA.fsproj
		SccProjectName9 = TaskPaneDNA
		SccLocalPath9 = TaskPaneDNA
		SccProjectUniqueName10 = TaskPaneUDF32\\TaskPaneUDF32.csproj
		SccProjectName10 = TaskPaneUDF32
		SccLocalPath10 = TaskPaneUDF32
		SccProjectUniqueName11 = TaskPaneVSTO\\TaskPaneVSTO.csproj
		SccProjectName11 = TaskPaneVSTO
		SccLocalPath11 = TaskPaneVSTO
		SccProjectUniqueName12 = TabularCompiler.Tests\\TabularCompiler.Tests.fsproj
		SccProjectName12 = TabularCompiler.Tests
		SccLocalPath12 = TabularCompiler.Tests
		SccProjectUniqueName13 = TabularChecker.Tests\\TabularChecker.Tests.fsproj
		SccProjectName13 = TabularChecker.Tests
		SccLocalPath13 = TabularChecker.Tests
		SccProjectUniqueName14 = TabularOld\\TabularOld.fsproj
		SccProjectName14 = TabularOld
		SccLocalPath14 = TabularOld
		SccProjectUniqueName15 = DataLayerExecution\\DataLayerExecution.fsproj
		SccProjectName15 = DataLayerExecution
		SccLocalPath15 = DataLayerExecution
		SccProjectUniqueName16 = DataLayerModel\\DataLayerModel.fsproj
		SccProjectName16 = DataLayerModel
		SccLocalPath16 = DataLayerModel
		SccProjectUniqueName17 = TabularChecker\\TabularChecker.fsproj
		SccProjectName17 = TabularChecker
		SccLocalPath17 = TabularChecker
		SccProjectUniqueName18 = TabularCompiler\\TabularCompiler.fsproj
		SccProjectName18 = TabularCompiler
		SccLocalPath18 = TabularCompiler
		SccProjectUniqueName19 = TabularExecution\\TabularExecution.fsproj
		SccProjectName19 = TabularExecution
		SccLocalPath19 = TabularExecution
		SccProjectUniqueName20 = TaskPaneTestWindow\\TaskPaneTestWindow.fsproj
		SccProjectName20 = TaskPaneTestWindow
		SccLocalPath20 = TaskPaneTestWindow
		SccProjectUniqueName21 = TaskPaneUDF\\TaskPaneUDF.csproj
		SccProjectName21 = TaskPaneUDF
		SccLocalPath21 = TaskPaneUDF
		SccProjectUniqueName22 = LexYaccRuntime\\LexYaccRuntime.fsproj
		SccProjectName22 = LexYaccRuntime
		SccLocalPath22 = LexYaccRuntime
		SccProjectUniqueName23 = TaskPaneVirtualProject\\TaskPaneVirtualProject.fsproj
		SccProjectName23 = TaskPaneVirtualProject
		SccLocalPath23 = TaskPaneVirtualProject
		SccProjectUniqueName24 = CSharpHelpers\\CSharpHelpers.csproj
		SccProjectName24 = CSharpHelpers
		SccLocalPath24 = CSharpHelpers
		SccProjectUniqueName25 = TabularExcelCLI\\TabularExcelCLI.fsproj
		SccProjectName25 = TabularExcelCLI
		SccLocalPath25 = TabularExcelCLI
		SccProjectUniqueName26 = TabularCSVCLI\\TabularCSVCLI.fsproj
		SccProjectName26 = TabularCSVCLI
		SccLocalPath26 = TabularCSVCLI
		SccProjectUniqueName27 = TabularCSVCLI.Tests\\TabularCSVCLI.Tests.fsproj
		SccProjectName27 = TabularCSVCLI.Tests
		SccLocalPath27 = TabularCSVCLI.Tests
	EndGlobalSection
	GlobalSection(SolutionConfigurationPlatforms) = preSolution
		CoreTabular|Any CPU = CoreTabular|Any CPU
		CoreTabular|Mixed Platforms = CoreTabular|Mixed Platforms
		CoreTabular|x64 = CoreTabular|x64
		CoreTabular|x86 = CoreTabular|x86
		Debug|Any CPU = Debug|Any CPU
		Debug|Mixed Platforms = Debug|Mixed Platforms
		Debug|x64 = Debug|x64
		Debug|x86 = Debug|x86
		Release|Any CPU = Release|Any CPU
		Release|Mixed Platforms = Release|Mixed Platforms
		Release|x64 = Release|x64
		Release|x86 = Release|x86
	EndGlobalSection
	GlobalSection(ProjectConfigurationPlatforms) = postSolution
		{CDFB169A-3CA6-4E26-B61E-0A910F4BCD5D}.CoreTabular|Any CPU.ActiveCfg = Release|Any CPU
		{CDFB169A-3CA6-4E26-B61E-0A910F4BCD5D}.CoreTabular|Any CPU.Build.0 = Release|Any CPU
		{CDFB169A-3CA6-4E26-B61E-0A910F4BCD5D}.CoreTabular|Mixed Platforms.ActiveCfg = Release|Any CPU
		{CDFB169A-3CA6-4E26-B61E-0A910F4BCD5D}.CoreTabular|Mixed Platforms.Build.0 = Release|Any CPU
		{CDFB169A-3CA6-4E26-B61E-0A910F4BCD5D}.CoreTabular|x64.ActiveCfg = Release|Any CPU
		{CDFB169A-3CA6-4E26-B61E-0A910F4BCD5D}.CoreTabular|x86.ActiveCfg = Release|Any CPU
		{CDFB169A-3CA6-4E26-B61E-0A910F4BCD5D}.Debug|Any CPU.ActiveCfg = Debug|Any CPU
		{CDFB169A-3CA6-4E26-B61E-0A910F4BCD5D}.Debug|Any CPU.Build.0 = Debug|Any CPU
		{CDFB169A-3CA6-4E26-B61E-0A910F4BCD5D}.Debug|Mixed Platforms.ActiveCfg = Debug|Any CPU
		{CDFB169A-3CA6-4E26-B61E-0A910F4BCD5D}.Debug|Mixed Platforms.Build.0 = Debug|Any CPU
		{CDFB169A-3CA6-4E26-B61E-0A910F4BCD5D}.Debug|x64.ActiveCfg = Debug|Any CPU
		{CDFB169A-3CA6-4E26-B61E-0A910F4BCD5D}.Debug|x86.ActiveCfg = Debug|Any CPU
		{CDFB169A-3CA6-4E26-B61E-0A910F4BCD5D}.Release|Any CPU.ActiveCfg = Release|Any CPU
		{CDFB169A-3CA6-4E26-B61E-0A910F4BCD5D}.Release|Any CPU.Build.0 = Release|Any CPU
		{CDFB169A-3CA6-4E26-B61E-0A910F4BCD5D}.Release|Mixed Platforms.ActiveCfg = Release|Any CPU
		{CDFB169A-3CA6-4E26-B61E-0A910F4BCD5D}.Release|Mixed Platforms.Build.0 = Release|Any CPU
		{CDFB169A-3CA6-4E26-B61E-0A910F4BCD5D}.Release|x64.ActiveCfg = Release|Any CPU
		{CDFB169A-3CA6-4E26-B61E-0A910F4BCD5D}.Release|x86.ActiveCfg = Release|Any CPU
		{39E8A4A7-8B94-47EE-88F6-122BDC19F5EE}.CoreTabular|Any CPU.ActiveCfg = Release|Any CPU
		{39E8A4A7-8B94-47EE-88F6-122BDC19F5EE}.CoreTabular|Any CPU.Build.0 = Release|Any CPU
		{39E8A4A7-8B94-47EE-88F6-122BDC19F5EE}.CoreTabular|Mixed Platforms.ActiveCfg = Release|Any CPU
		{39E8A4A7-8B94-47EE-88F6-122BDC19F5EE}.CoreTabular|Mixed Platforms.Build.0 = Release|Any CPU
		{39E8A4A7-8B94-47EE-88F6-122BDC19F5EE}.CoreTabular|x64.ActiveCfg = Release|Any CPU
		{39E8A4A7-8B94-47EE-88F6-122BDC19F5EE}.CoreTabular|x86.ActiveCfg = Release|Any CPU
		{39E8A4A7-8B94-47EE-88F6-122BDC19F5EE}.Debug|Any CPU.ActiveCfg = Debug|Any CPU
		{39E8A4A7-8B94-47EE-88F6-122BDC19F5EE}.Debug|Any CPU.Build.0 = Debug|Any CPU
		{39E8A4A7-8B94-47EE-88F6-122BDC19F5EE}.Debug|Mixed Platforms.ActiveCfg = Debug|Any CPU
		{39E8A4A7-8B94-47EE-88F6-122BDC19F5EE}.Debug|Mixed Platforms.Build.0 = Debug|Any CPU
		{39E8A4A7-8B94-47EE-88F6-122BDC19F5EE}.Debug|x64.ActiveCfg = Debug|Any CPU
		{39E8A4A7-8B94-47EE-88F6-122BDC19F5EE}.Debug|x86.ActiveCfg = Debug|Any CPU
		{39E8A4A7-8B94-47EE-88F6-122BDC19F5EE}.Release|Any CPU.ActiveCfg = Release|Any CPU
		{39E8A4A7-8B94-47EE-88F6-122BDC19F5EE}.Release|Any CPU.Build.0 = Release|Any CPU
		{39E8A4A7-8B94-47EE-88F6-122BDC19F5EE}.Release|Mixed Platforms.ActiveCfg = Release|Any CPU
		{39E8A4A7-8B94-47EE-88F6-122BDC19F5EE}.Release|Mixed Platforms.Build.0 = Release|Any CPU
		{39E8A4A7-8B94-47EE-88F6-122BDC19F5EE}.Release|x64.ActiveCfg = Release|Any CPU
		{39E8A4A7-8B94-47EE-88F6-122BDC19F5EE}.Release|x86.ActiveCfg = Release|Any CPU
		{CADD6FDB-F0A3-446D-A91D-B76796DF93D9}.CoreTabular|Any CPU.ActiveCfg = CoreTabular|Any CPU
		{CADD6FDB-F0A3-446D-A91D-B76796DF93D9}.CoreTabular|Any CPU.Build.0 = CoreTabular|Any CPU
		{CADD6FDB-F0A3-446D-A91D-B76796DF93D9}.CoreTabular|Mixed Platforms.ActiveCfg = CoreTabular|Any CPU
		{CADD6FDB-F0A3-446D-A91D-B76796DF93D9}.CoreTabular|Mixed Platforms.Build.0 = CoreTabular|Any CPU
		{CADD6FDB-F0A3-446D-A91D-B76796DF93D9}.CoreTabular|x64.ActiveCfg = CoreTabular|Any CPU
		{CADD6FDB-F0A3-446D-A91D-B76796DF93D9}.CoreTabular|x86.ActiveCfg = CoreTabular|Any CPU
		{CADD6FDB-F0A3-446D-A91D-B76796DF93D9}.Debug|Any CPU.ActiveCfg = Debug|Any CPU
		{CADD6FDB-F0A3-446D-A91D-B76796DF93D9}.Debug|Any CPU.Build.0 = Debug|Any CPU
		{CADD6FDB-F0A3-446D-A91D-B76796DF93D9}.Debug|Mixed Platforms.ActiveCfg = Debug|Any CPU
		{CADD6FDB-F0A3-446D-A91D-B76796DF93D9}.Debug|Mixed Platforms.Build.0 = Debug|Any CPU
		{CADD6FDB-F0A3-446D-A91D-B76796DF93D9}.Debug|x64.ActiveCfg = Debug|Any CPU
		{CADD6FDB-F0A3-446D-A91D-B76796DF93D9}.Debug|x86.ActiveCfg = Debug|Any CPU
		{CADD6FDB-F0A3-446D-A91D-B76796DF93D9}.Release|Any CPU.ActiveCfg = Release|Any CPU
		{CADD6FDB-F0A3-446D-A91D-B76796DF93D9}.Release|Any CPU.Build.0 = Release|Any CPU
		{CADD6FDB-F0A3-446D-A91D-B76796DF93D9}.Release|Mixed Platforms.ActiveCfg = Release|Any CPU
		{CADD6FDB-F0A3-446D-A91D-B76796DF93D9}.Release|Mixed Platforms.Build.0 = Release|Any CPU
		{CADD6FDB-F0A3-446D-A91D-B76796DF93D9}.Release|x64.ActiveCfg = Release|Any CPU
		{CADD6FDB-F0A3-446D-A91D-B76796DF93D9}.Release|x86.ActiveCfg = Release|Any CPU
		{F4532845-59AB-42A8-82E7-1C1B32A88213}.CoreTabular|Any CPU.ActiveCfg = Release|Any CPU
		{F4532845-59AB-42A8-82E7-1C1B32A88213}.CoreTabular|Any CPU.Build.0 = Release|Any CPU
		{F4532845-59AB-42A8-82E7-1C1B32A88213}.CoreTabular|Mixed Platforms.ActiveCfg = Release|Any CPU
		{F4532845-59AB-42A8-82E7-1C1B32A88213}.CoreTabular|Mixed Platforms.Build.0 = Release|Any CPU
		{F4532845-59AB-42A8-82E7-1C1B32A88213}.CoreTabular|x64.ActiveCfg = Release|Any CPU
		{F4532845-59AB-42A8-82E7-1C1B32A88213}.CoreTabular|x86.ActiveCfg = Release|Any CPU
		{F4532845-59AB-42A8-82E7-1C1B32A88213}.Debug|Any CPU.ActiveCfg = Debug|Any CPU
		{F4532845-59AB-42A8-82E7-1C1B32A88213}.Debug|Any CPU.Build.0 = Debug|Any CPU
		{F4532845-59AB-42A8-82E7-1C1B32A88213}.Debug|Mixed Platforms.ActiveCfg = Debug|Any CPU
		{F4532845-59AB-42A8-82E7-1C1B32A88213}.Debug|Mixed Platforms.Build.0 = Debug|Any CPU
		{F4532845-59AB-42A8-82E7-1C1B32A88213}.Debug|x64.ActiveCfg = Debug|Any CPU
		{F4532845-59AB-42A8-82E7-1C1B32A88213}.Debug|x86.ActiveCfg = Debug|Any CPU
		{F4532845-59AB-42A8-82E7-1C1B32A88213}.Release|Any CPU.ActiveCfg = Release|Any CPU
		{F4532845-59AB-42A8-82E7-1C1B32A88213}.Release|Any CPU.Build.0 = Release|Any CPU
		{F4532845-59AB-42A8-82E7-1C1B32A88213}.Release|Mixed Platforms.ActiveCfg = Release|Any CPU
		{F4532845-59AB-42A8-82E7-1C1B32A88213}.Release|Mixed Platforms.Build.0 = Release|Any CPU
		{F4532845-59AB-42A8-82E7-1C1B32A88213}.Release|x64.ActiveCfg = Release|Any CPU
		{F4532845-59AB-42A8-82E7-1C1B32A88213}.Release|x86.ActiveCfg = Release|Any CPU
		{B4599A03-62EF-42F5-A2E6-CB284AB4938B}.CoreTabular|Any CPU.ActiveCfg = Release|Any CPU
		{B4599A03-62EF-42F5-A2E6-CB284AB4938B}.CoreTabular|Any CPU.Build.0 = Release|Any CPU
		{B4599A03-62EF-42F5-A2E6-CB284AB4938B}.CoreTabular|Mixed Platforms.ActiveCfg = Release|Any CPU
		{B4599A03-62EF-42F5-A2E6-CB284AB4938B}.CoreTabular|Mixed Platforms.Build.0 = Release|Any CPU
		{B4599A03-62EF-42F5-A2E6-CB284AB4938B}.CoreTabular|x64.ActiveCfg = Release|Any CPU
		{B4599A03-62EF-42F5-A2E6-CB284AB4938B}.CoreTabular|x86.ActiveCfg = Release|Any CPU
		{B4599A03-62EF-42F5-A2E6-CB284AB4938B}.Debug|Any CPU.ActiveCfg = Debug|Any CPU
		{B4599A03-62EF-42F5-A2E6-CB284AB4938B}.Debug|Any CPU.Build.0 = Debug|Any CPU
		{B4599A03-62EF-42F5-A2E6-CB284AB4938B}.Debug|Mixed Platforms.ActiveCfg = Debug|Any CPU
		{B4599A03-62EF-42F5-A2E6-CB284AB4938B}.Debug|Mixed Platforms.Build.0 = Debug|Any CPU
		{B4599A03-62EF-42F5-A2E6-CB284AB4938B}.Debug|x64.ActiveCfg = Debug|Any CPU
		{B4599A03-62EF-42F5-A2E6-CB284AB4938B}.Debug|x86.ActiveCfg = Debug|Any CPU
		{B4599A03-62EF-42F5-A2E6-CB284AB4938B}.Release|Any CPU.ActiveCfg = Release|Any CPU
		{B4599A03-62EF-42F5-A2E6-CB284AB4938B}.Release|Any CPU.Build.0 = Release|Any CPU
		{B4599A03-62EF-42F5-A2E6-CB284AB4938B}.Release|Mixed Platforms.ActiveCfg = Release|Any CPU
		{B4599A03-62EF-42F5-A2E6-CB284AB4938B}.Release|Mixed Platforms.Build.0 = Release|Any CPU
		{B4599A03-62EF-42F5-A2E6-CB284AB4938B}.Release|x64.ActiveCfg = Release|Any CPU
		{B4599A03-62EF-42F5-A2E6-CB284AB4938B}.Release|x86.ActiveCfg = Release|Any CPU
		{4D13B34E-2527-4295-A8B3-7770595147E7}.CoreTabular|Any CPU.ActiveCfg = Release|Any CPU
		{4D13B34E-2527-4295-A8B3-7770595147E7}.CoreTabular|Any CPU.Build.0 = Release|Any CPU
		{4D13B34E-2527-4295-A8B3-7770595147E7}.CoreTabular|Mixed Platforms.ActiveCfg = Release|Any CPU
		{4D13B34E-2527-4295-A8B3-7770595147E7}.CoreTabular|Mixed Platforms.Build.0 = Release|Any CPU
		{4D13B34E-2527-4295-A8B3-7770595147E7}.CoreTabular|x64.ActiveCfg = Release|Any CPU
		{4D13B34E-2527-4295-A8B3-7770595147E7}.CoreTabular|x86.ActiveCfg = Release|Any CPU
		{4D13B34E-2527-4295-A8B3-7770595147E7}.Debug|Any CPU.ActiveCfg = Debug|Any CPU
		{4D13B34E-2527-4295-A8B3-7770595147E7}.Debug|Any CPU.Build.0 = Debug|Any CPU
		{4D13B34E-2527-4295-A8B3-7770595147E7}.Debug|Mixed Platforms.ActiveCfg = Debug|Any CPU
		{4D13B34E-2527-4295-A8B3-7770595147E7}.Debug|Mixed Platforms.Build.0 = Debug|Any CPU
		{4D13B34E-2527-4295-A8B3-7770595147E7}.Debug|x64.ActiveCfg = Debug|Any CPU
		{4D13B34E-2527-4295-A8B3-7770595147E7}.Debug|x86.ActiveCfg = Debug|Any CPU
		{4D13B34E-2527-4295-A8B3-7770595147E7}.Release|Any CPU.ActiveCfg = Release|Any CPU
		{4D13B34E-2527-4295-A8B3-7770595147E7}.Release|Any CPU.Build.0 = Release|Any CPU
		{4D13B34E-2527-4295-A8B3-7770595147E7}.Release|Mixed Platforms.ActiveCfg = Release|Any CPU
		{4D13B34E-2527-4295-A8B3-7770595147E7}.Release|Mixed Platforms.Build.0 = Release|Any CPU
		{4D13B34E-2527-4295-A8B3-7770595147E7}.Release|x64.ActiveCfg = Release|Any CPU
		{4D13B34E-2527-4295-A8B3-7770595147E7}.Release|x86.ActiveCfg = Release|Any CPU
		{DA5FB590-3EA4-4BB5-8984-C4EF504B4EBB}.CoreTabular|Any CPU.ActiveCfg = Release|Any CPU
		{DA5FB590-3EA4-4BB5-8984-C4EF504B4EBB}.CoreTabular|Any CPU.Build.0 = Release|Any CPU
		{DA5FB590-3EA4-4BB5-8984-C4EF504B4EBB}.CoreTabular|Mixed Platforms.ActiveCfg = Release|Any CPU
		{DA5FB590-3EA4-4BB5-8984-C4EF504B4EBB}.CoreTabular|Mixed Platforms.Build.0 = Release|Any CPU
		{DA5FB590-3EA4-4BB5-8984-C4EF504B4EBB}.CoreTabular|x64.ActiveCfg = Release|Any CPU
		{DA5FB590-3EA4-4BB5-8984-C4EF504B4EBB}.CoreTabular|x86.ActiveCfg = Release|Any CPU
		{DA5FB590-3EA4-4BB5-8984-C4EF504B4EBB}.Debug|Any CPU.ActiveCfg = Debug|Any CPU
		{DA5FB590-3EA4-4BB5-8984-C4EF504B4EBB}.Debug|Any CPU.Build.0 = Debug|Any CPU
		{DA5FB590-3EA4-4BB5-8984-C4EF504B4EBB}.Debug|Mixed Platforms.ActiveCfg = Debug|Any CPU
		{DA5FB590-3EA4-4BB5-8984-C4EF504B4EBB}.Debug|Mixed Platforms.Build.0 = Debug|Any CPU
		{DA5FB590-3EA4-4BB5-8984-C4EF504B4EBB}.Debug|x64.ActiveCfg = Debug|Any CPU
		{DA5FB590-3EA4-4BB5-8984-C4EF504B4EBB}.Debug|x86.ActiveCfg = Debug|Any CPU
		{DA5FB590-3EA4-4BB5-8984-C4EF504B4EBB}.Release|Any CPU.ActiveCfg = Release|Any CPU
		{DA5FB590-3EA4-4BB5-8984-C4EF504B4EBB}.Release|Any CPU.Build.0 = Release|Any CPU
		{DA5FB590-3EA4-4BB5-8984-C4EF504B4EBB}.Release|Mixed Platforms.ActiveCfg = Release|Any CPU
		{DA5FB590-3EA4-4BB5-8984-C4EF504B4EBB}.Release|Mixed Platforms.Build.0 = Release|Any CPU
		{DA5FB590-3EA4-4BB5-8984-C4EF504B4EBB}.Release|x64.ActiveCfg = Release|Any CPU
		{DA5FB590-3EA4-4BB5-8984-C4EF504B4EBB}.Release|x86.ActiveCfg = Release|Any CPU
		{7362A048-7AB9-470E-88B7-84AF7BA5F64B}.CoreTabular|Any CPU.ActiveCfg = Release|Any CPU
		{7362A048-7AB9-470E-88B7-84AF7BA5F64B}.CoreTabular|Any CPU.Build.0 = Release|Any CPU
		{7362A048-7AB9-470E-88B7-84AF7BA5F64B}.CoreTabular|Mixed Platforms.ActiveCfg = Release|Any CPU
		{7362A048-7AB9-470E-88B7-84AF7BA5F64B}.CoreTabular|Mixed Platforms.Build.0 = Release|Any CPU
		{7362A048-7AB9-470E-88B7-84AF7BA5F64B}.CoreTabular|x64.ActiveCfg = Release|Any CPU
		{7362A048-7AB9-470E-88B7-84AF7BA5F64B}.CoreTabular|x86.ActiveCfg = Release|Any CPU
		{7362A048-7AB9-470E-88B7-84AF7BA5F64B}.Debug|Any CPU.ActiveCfg = Debug|Any CPU
		{7362A048-7AB9-470E-88B7-84AF7BA5F64B}.Debug|Any CPU.Build.0 = Debug|Any CPU
		{7362A048-7AB9-470E-88B7-84AF7BA5F64B}.Debug|Mixed Platforms.ActiveCfg = Debug|Any CPU
		{7362A048-7AB9-470E-88B7-84AF7BA5F64B}.Debug|Mixed Platforms.Build.0 = Debug|Any CPU
		{7362A048-7AB9-470E-88B7-84AF7BA5F64B}.Debug|x64.ActiveCfg = Debug|Any CPU
		{7362A048-7AB9-470E-88B7-84AF7BA5F64B}.Debug|x86.ActiveCfg = Debug|Any CPU
		{7362A048-7AB9-470E-88B7-84AF7BA5F64B}.Release|Any CPU.ActiveCfg = Release|Any CPU
		{7362A048-7AB9-470E-88B7-84AF7BA5F64B}.Release|Any CPU.Build.0 = Release|Any CPU
		{7362A048-7AB9-470E-88B7-84AF7BA5F64B}.Release|Mixed Platforms.ActiveCfg = Release|Any CPU
		{7362A048-7AB9-470E-88B7-84AF7BA5F64B}.Release|Mixed Platforms.Build.0 = Release|Any CPU
		{7362A048-7AB9-470E-88B7-84AF7BA5F64B}.Release|x64.ActiveCfg = Release|Any CPU
		{7362A048-7AB9-470E-88B7-84AF7BA5F64B}.Release|x86.ActiveCfg = Release|Any CPU
		{A0DC968C-D718-46B9-A453-E6E9F67874A9}.CoreTabular|Any CPU.ActiveCfg = Release|Any CPU
		{A0DC968C-D718-46B9-A453-E6E9F67874A9}.CoreTabular|Mixed Platforms.ActiveCfg = Release|Any CPU
		{A0DC968C-D718-46B9-A453-E6E9F67874A9}.CoreTabular|Mixed Platforms.Build.0 = Release|Any CPU
		{A0DC968C-D718-46B9-A453-E6E9F67874A9}.CoreTabular|x64.ActiveCfg = Release|Any CPU
		{A0DC968C-D718-46B9-A453-E6E9F67874A9}.CoreTabular|x86.ActiveCfg = Release|Any CPU
		{A0DC968C-D718-46B9-A453-E6E9F67874A9}.Debug|Any CPU.ActiveCfg = Debug|Any CPU
		{A0DC968C-D718-46B9-A453-E6E9F67874A9}.Debug|Mixed Platforms.ActiveCfg = Debug|Any CPU
		{A0DC968C-D718-46B9-A453-E6E9F67874A9}.Debug|Mixed Platforms.Build.0 = Debug|Any CPU
		{A0DC968C-D718-46B9-A453-E6E9F67874A9}.Debug|x64.ActiveCfg = Debug|Any CPU
		{A0DC968C-D718-46B9-A453-E6E9F67874A9}.Debug|x86.ActiveCfg = Debug|Any CPU
		{A0DC968C-D718-46B9-A453-E6E9F67874A9}.Release|Any CPU.ActiveCfg = Release|Any CPU
		{A0DC968C-D718-46B9-A453-E6E9F67874A9}.Release|Mixed Platforms.ActiveCfg = Release|Any CPU
		{A0DC968C-D718-46B9-A453-E6E9F67874A9}.Release|Mixed Platforms.Build.0 = Release|Any CPU
		{A0DC968C-D718-46B9-A453-E6E9F67874A9}.Release|x64.ActiveCfg = Release|Any CPU
		{A0DC968C-D718-46B9-A453-E6E9F67874A9}.Release|x86.ActiveCfg = Release|Any CPU
		{19ECE7F3-F7AF-4950-914B-626781E6CED0}.CoreTabular|Any CPU.ActiveCfg = Release|Any CPU
		{19ECE7F3-F7AF-4950-914B-626781E6CED0}.CoreTabular|Mixed Platforms.ActiveCfg = Release|Any CPU
		{19ECE7F3-F7AF-4950-914B-626781E6CED0}.CoreTabular|Mixed Platforms.Build.0 = Release|Any CPU
		{19ECE7F3-F7AF-4950-914B-626781E6CED0}.CoreTabular|x64.ActiveCfg = Release|Any CPU
		{19ECE7F3-F7AF-4950-914B-626781E6CED0}.CoreTabular|x86.ActiveCfg = Release|Any CPU
		{19ECE7F3-F7AF-4950-914B-626781E6CED0}.Debug|Any CPU.ActiveCfg = Debug|Any CPU
		{19ECE7F3-F7AF-4950-914B-626781E6CED0}.Debug|Mixed Platforms.ActiveCfg = Debug|Any CPU
		{19ECE7F3-F7AF-4950-914B-626781E6CED0}.Debug|Mixed Platforms.Build.0 = Debug|Any CPU
		{19ECE7F3-F7AF-4950-914B-626781E6CED0}.Debug|x64.ActiveCfg = Debug|Any CPU
		{19ECE7F3-F7AF-4950-914B-626781E6CED0}.Debug|x86.ActiveCfg = Debug|Any CPU
		{19ECE7F3-F7AF-4950-914B-626781E6CED0}.Release|Any CPU.ActiveCfg = Release|Any CPU
		{19ECE7F3-F7AF-4950-914B-626781E6CED0}.Release|Mixed Platforms.ActiveCfg = Release|Any CPU
		{19ECE7F3-F7AF-4950-914B-626781E6CED0}.Release|Mixed Platforms.Build.0 = Release|Any CPU
		{19ECE7F3-F7AF-4950-914B-626781E6CED0}.Release|x64.ActiveCfg = Release|Any CPU
		{19ECE7F3-F7AF-4950-914B-626781E6CED0}.Release|x86.ActiveCfg = Release|Any CPU
		{73200F9A-90BB-4788-B2C6-B0651DC6E88B}.CoreTabular|Any CPU.ActiveCfg = Release|Any CPU
		{73200F9A-90BB-4788-B2C6-B0651DC6E88B}.CoreTabular|Any CPU.Build.0 = Release|Any CPU
		{73200F9A-90BB-4788-B2C6-B0651DC6E88B}.CoreTabular|Mixed Platforms.ActiveCfg = Release|Any CPU
		{73200F9A-90BB-4788-B2C6-B0651DC6E88B}.CoreTabular|Mixed Platforms.Build.0 = Release|Any CPU
		{73200F9A-90BB-4788-B2C6-B0651DC6E88B}.CoreTabular|x64.ActiveCfg = Release|Any CPU
		{73200F9A-90BB-4788-B2C6-B0651DC6E88B}.CoreTabular|x86.ActiveCfg = Release|Any CPU
		{73200F9A-90BB-4788-B2C6-B0651DC6E88B}.Debug|Any CPU.ActiveCfg = Debug|Any CPU
		{73200F9A-90BB-4788-B2C6-B0651DC6E88B}.Debug|Any CPU.Build.0 = Debug|Any CPU
		{73200F9A-90BB-4788-B2C6-B0651DC6E88B}.Debug|Mixed Platforms.ActiveCfg = Debug|Any CPU
		{73200F9A-90BB-4788-B2C6-B0651DC6E88B}.Debug|Mixed Platforms.Build.0 = Debug|Any CPU
		{73200F9A-90BB-4788-B2C6-B0651DC6E88B}.Debug|x64.ActiveCfg = Debug|Any CPU
		{73200F9A-90BB-4788-B2C6-B0651DC6E88B}.Debug|x86.ActiveCfg = Debug|Any CPU
		{73200F9A-90BB-4788-B2C6-B0651DC6E88B}.Release|Any CPU.ActiveCfg = Release|Any CPU
		{73200F9A-90BB-4788-B2C6-B0651DC6E88B}.Release|Any CPU.Build.0 = Release|Any CPU
		{73200F9A-90BB-4788-B2C6-B0651DC6E88B}.Release|Mixed Platforms.ActiveCfg = Release|Any CPU
		{73200F9A-90BB-4788-B2C6-B0651DC6E88B}.Release|Mixed Platforms.Build.0 = Release|Any CPU
		{73200F9A-90BB-4788-B2C6-B0651DC6E88B}.Release|x64.ActiveCfg = Release|Any CPU
		{73200F9A-90BB-4788-B2C6-B0651DC6E88B}.Release|x86.ActiveCfg = Release|Any CPU
		{3E977158-635C-426D-892E-6B11E5E01D08}.CoreTabular|Any CPU.ActiveCfg = Release|Any CPU
		{3E977158-635C-426D-892E-6B11E5E01D08}.CoreTabular|Mixed Platforms.ActiveCfg = Release|Any CPU
		{3E977158-635C-426D-892E-6B11E5E01D08}.CoreTabular|Mixed Platforms.Build.0 = Release|Any CPU
		{3E977158-635C-426D-892E-6B11E5E01D08}.CoreTabular|x64.ActiveCfg = Release|Any CPU
		{3E977158-635C-426D-892E-6B11E5E01D08}.CoreTabular|x86.ActiveCfg = Release|Any CPU
		{3E977158-635C-426D-892E-6B11E5E01D08}.Debug|Any CPU.ActiveCfg = Debug|Any CPU
		{3E977158-635C-426D-892E-6B11E5E01D08}.Debug|Mixed Platforms.ActiveCfg = Debug|Any CPU
		{3E977158-635C-426D-892E-6B11E5E01D08}.Debug|Mixed Platforms.Build.0 = Debug|Any CPU
		{3E977158-635C-426D-892E-6B11E5E01D08}.Debug|x64.ActiveCfg = Debug|Any CPU
		{3E977158-635C-426D-892E-6B11E5E01D08}.Debug|x86.ActiveCfg = Debug|Any CPU
		{3E977158-635C-426D-892E-6B11E5E01D08}.Release|Any CPU.ActiveCfg = Release|Any CPU
		{3E977158-635C-426D-892E-6B11E5E01D08}.Release|Mixed Platforms.ActiveCfg = Release|Any CPU
		{3E977158-635C-426D-892E-6B11E5E01D08}.Release|Mixed Platforms.Build.0 = Release|Any CPU
		{3E977158-635C-426D-892E-6B11E5E01D08}.Release|x64.ActiveCfg = Release|Any CPU
		{3E977158-635C-426D-892E-6B11E5E01D08}.Release|x86.ActiveCfg = Release|Any CPU
		{B8C529B6-39E3-46F3-8566-78C152AF3A16}.CoreTabular|Any CPU.ActiveCfg = Release|Any CPU
		{B8C529B6-39E3-46F3-8566-78C152AF3A16}.CoreTabular|Any CPU.Build.0 = Release|Any CPU
		{B8C529B6-39E3-46F3-8566-78C152AF3A16}.CoreTabular|Mixed Platforms.ActiveCfg = Release|Any CPU
		{B8C529B6-39E3-46F3-8566-78C152AF3A16}.CoreTabular|Mixed Platforms.Build.0 = Release|Any CPU
		{B8C529B6-39E3-46F3-8566-78C152AF3A16}.CoreTabular|x64.ActiveCfg = Release|Any CPU
		{B8C529B6-39E3-46F3-8566-78C152AF3A16}.CoreTabular|x86.ActiveCfg = Release|Any CPU
		{B8C529B6-39E3-46F3-8566-78C152AF3A16}.Debug|Any CPU.ActiveCfg = Debug|Any CPU
		{B8C529B6-39E3-46F3-8566-78C152AF3A16}.Debug|Any CPU.Build.0 = Debug|Any CPU
		{B8C529B6-39E3-46F3-8566-78C152AF3A16}.Debug|Mixed Platforms.ActiveCfg = Debug|Any CPU
		{B8C529B6-39E3-46F3-8566-78C152AF3A16}.Debug|Mixed Platforms.Build.0 = Debug|Any CPU
		{B8C529B6-39E3-46F3-8566-78C152AF3A16}.Debug|x64.ActiveCfg = Debug|Any CPU
		{B8C529B6-39E3-46F3-8566-78C152AF3A16}.Debug|x86.ActiveCfg = Debug|Any CPU
		{B8C529B6-39E3-46F3-8566-78C152AF3A16}.Release|Any CPU.ActiveCfg = Release|Any CPU
		{B8C529B6-39E3-46F3-8566-78C152AF3A16}.Release|Any CPU.Build.0 = Release|Any CPU
		{B8C529B6-39E3-46F3-8566-78C152AF3A16}.Release|Mixed Platforms.ActiveCfg = Release|Any CPU
		{B8C529B6-39E3-46F3-8566-78C152AF3A16}.Release|Mixed Platforms.Build.0 = Release|Any CPU
		{B8C529B6-39E3-46F3-8566-78C152AF3A16}.Release|x64.ActiveCfg = Release|Any CPU
		{B8C529B6-39E3-46F3-8566-78C152AF3A16}.Release|x86.ActiveCfg = Release|Any CPU
		{ED2B80FA-2984-48E9-8DBD-1B4E1947459A}.CoreTabular|Any CPU.ActiveCfg = Release|Any CPU
		{ED2B80FA-2984-48E9-8DBD-1B4E1947459A}.CoreTabular|Any CPU.Build.0 = Release|Any CPU
		{ED2B80FA-2984-48E9-8DBD-1B4E1947459A}.CoreTabular|Mixed Platforms.ActiveCfg = Release|Any CPU
		{ED2B80FA-2984-48E9-8DBD-1B4E1947459A}.CoreTabular|Mixed Platforms.Build.0 = Release|Any CPU
		{ED2B80FA-2984-48E9-8DBD-1B4E1947459A}.CoreTabular|x64.ActiveCfg = Release|Any CPU
		{ED2B80FA-2984-48E9-8DBD-1B4E1947459A}.CoreTabular|x86.ActiveCfg = Release|Any CPU
		{ED2B80FA-2984-48E9-8DBD-1B4E1947459A}.Debug|Any CPU.ActiveCfg = Debug|Any CPU
		{ED2B80FA-2984-48E9-8DBD-1B4E1947459A}.Debug|Any CPU.Build.0 = Debug|Any CPU
		{ED2B80FA-2984-48E9-8DBD-1B4E1947459A}.Debug|Mixed Platforms.ActiveCfg = Debug|Any CPU
		{ED2B80FA-2984-48E9-8DBD-1B4E1947459A}.Debug|Mixed Platforms.Build.0 = Debug|Any CPU
		{ED2B80FA-2984-48E9-8DBD-1B4E1947459A}.Debug|x64.ActiveCfg = Debug|Any CPU
		{ED2B80FA-2984-48E9-8DBD-1B4E1947459A}.Debug|x86.ActiveCfg = Debug|Any CPU
		{ED2B80FA-2984-48E9-8DBD-1B4E1947459A}.Release|Any CPU.ActiveCfg = Release|Any CPU
		{ED2B80FA-2984-48E9-8DBD-1B4E1947459A}.Release|Any CPU.Build.0 = Release|Any CPU
		{ED2B80FA-2984-48E9-8DBD-1B4E1947459A}.Release|Mixed Platforms.ActiveCfg = Release|Any CPU
		{ED2B80FA-2984-48E9-8DBD-1B4E1947459A}.Release|Mixed Platforms.Build.0 = Release|Any CPU
		{ED2B80FA-2984-48E9-8DBD-1B4E1947459A}.Release|x64.ActiveCfg = Release|Any CPU
		{ED2B80FA-2984-48E9-8DBD-1B4E1947459A}.Release|x86.ActiveCfg = Release|Any CPU
		{4ED38301-8C46-4D00-B3DB-B1CCCE045979}.CoreTabular|Any CPU.ActiveCfg = Release|Any CPU
		{4ED38301-8C46-4D00-B3DB-B1CCCE045979}.CoreTabular|Any CPU.Build.0 = Release|Any CPU
		{4ED38301-8C46-4D00-B3DB-B1CCCE045979}.CoreTabular|Mixed Platforms.ActiveCfg = Release|Any CPU
		{4ED38301-8C46-4D00-B3DB-B1CCCE045979}.CoreTabular|Mixed Platforms.Build.0 = Release|Any CPU
		{4ED38301-8C46-4D00-B3DB-B1CCCE045979}.CoreTabular|x64.ActiveCfg = Release|Any CPU
		{4ED38301-8C46-4D00-B3DB-B1CCCE045979}.CoreTabular|x86.ActiveCfg = Release|Any CPU
		{4ED38301-8C46-4D00-B3DB-B1CCCE045979}.Debug|Any CPU.ActiveCfg = Debug|Any CPU
		{4ED38301-8C46-4D00-B3DB-B1CCCE045979}.Debug|Any CPU.Build.0 = Debug|Any CPU
		{4ED38301-8C46-4D00-B3DB-B1CCCE045979}.Debug|Mixed Platforms.ActiveCfg = Debug|Any CPU
		{4ED38301-8C46-4D00-B3DB-B1CCCE045979}.Debug|Mixed Platforms.Build.0 = Debug|Any CPU
		{4ED38301-8C46-4D00-B3DB-B1CCCE045979}.Debug|x64.ActiveCfg = Debug|Any CPU
		{4ED38301-8C46-4D00-B3DB-B1CCCE045979}.Debug|x86.ActiveCfg = Debug|Any CPU
		{4ED38301-8C46-4D00-B3DB-B1CCCE045979}.Release|Any CPU.ActiveCfg = Release|Any CPU
		{4ED38301-8C46-4D00-B3DB-B1CCCE045979}.Release|Any CPU.Build.0 = Release|Any CPU
		{4ED38301-8C46-4D00-B3DB-B1CCCE045979}.Release|Mixed Platforms.ActiveCfg = Release|Any CPU
		{4ED38301-8C46-4D00-B3DB-B1CCCE045979}.Release|Mixed Platforms.Build.0 = Release|Any CPU
		{4ED38301-8C46-4D00-B3DB-B1CCCE045979}.Release|x64.ActiveCfg = Release|Any CPU
		{4ED38301-8C46-4D00-B3DB-B1CCCE045979}.Release|x86.ActiveCfg = Release|Any CPU
		{A8D4DAD6-3156-49CD-8E1E-FC429BE89540}.CoreTabular|Any CPU.ActiveCfg = Release|Any CPU
		{A8D4DAD6-3156-49CD-8E1E-FC429BE89540}.CoreTabular|Any CPU.Build.0 = Release|Any CPU
		{A8D4DAD6-3156-49CD-8E1E-FC429BE89540}.CoreTabular|Mixed Platforms.ActiveCfg = Release|Any CPU
		{A8D4DAD6-3156-49CD-8E1E-FC429BE89540}.CoreTabular|Mixed Platforms.Build.0 = Release|Any CPU
		{A8D4DAD6-3156-49CD-8E1E-FC429BE89540}.CoreTabular|x64.ActiveCfg = Release|Any CPU
		{A8D4DAD6-3156-49CD-8E1E-FC429BE89540}.CoreTabular|x86.ActiveCfg = Release|Any CPU
		{A8D4DAD6-3156-49CD-8E1E-FC429BE89540}.Debug|Any CPU.ActiveCfg = Debug|Any CPU
		{A8D4DAD6-3156-49CD-8E1E-FC429BE89540}.Debug|Any CPU.Build.0 = Debug|Any CPU
		{A8D4DAD6-3156-49CD-8E1E-FC429BE89540}.Debug|Mixed Platforms.ActiveCfg = Debug|Any CPU
		{A8D4DAD6-3156-49CD-8E1E-FC429BE89540}.Debug|Mixed Platforms.Build.0 = Debug|Any CPU
		{A8D4DAD6-3156-49CD-8E1E-FC429BE89540}.Debug|x64.ActiveCfg = Debug|Any CPU
		{A8D4DAD6-3156-49CD-8E1E-FC429BE89540}.Debug|x86.ActiveCfg = Debug|Any CPU
		{A8D4DAD6-3156-49CD-8E1E-FC429BE89540}.Release|Any CPU.ActiveCfg = Release|Any CPU
		{A8D4DAD6-3156-49CD-8E1E-FC429BE89540}.Release|Any CPU.Build.0 = Release|Any CPU
		{A8D4DAD6-3156-49CD-8E1E-FC429BE89540}.Release|Mixed Platforms.ActiveCfg = Release|Any CPU
		{A8D4DAD6-3156-49CD-8E1E-FC429BE89540}.Release|Mixed Platforms.Build.0 = Release|Any CPU
		{A8D4DAD6-3156-49CD-8E1E-FC429BE89540}.Release|x64.ActiveCfg = Release|Any CPU
		{A8D4DAD6-3156-49CD-8E1E-FC429BE89540}.Release|x86.ActiveCfg = Release|Any CPU
		{FCAAEB2D-E1F3-41B2-B962-C98C87516126}.CoreTabular|Any CPU.ActiveCfg = Release|Any CPU
		{FCAAEB2D-E1F3-41B2-B962-C98C87516126}.CoreTabular|Any CPU.Build.0 = Release|Any CPU
		{FCAAEB2D-E1F3-41B2-B962-C98C87516126}.CoreTabular|Mixed Platforms.ActiveCfg = Release|Any CPU
		{FCAAEB2D-E1F3-41B2-B962-C98C87516126}.CoreTabular|Mixed Platforms.Build.0 = Release|Any CPU
		{FCAAEB2D-E1F3-41B2-B962-C98C87516126}.CoreTabular|x64.ActiveCfg = Release|Any CPU
		{FCAAEB2D-E1F3-41B2-B962-C98C87516126}.CoreTabular|x86.ActiveCfg = Release|Any CPU
		{FCAAEB2D-E1F3-41B2-B962-C98C87516126}.Debug|Any CPU.ActiveCfg = Debug|Any CPU
		{FCAAEB2D-E1F3-41B2-B962-C98C87516126}.Debug|Any CPU.Build.0 = Debug|Any CPU
		{FCAAEB2D-E1F3-41B2-B962-C98C87516126}.Debug|Mixed Platforms.ActiveCfg = Debug|Any CPU
		{FCAAEB2D-E1F3-41B2-B962-C98C87516126}.Debug|Mixed Platforms.Build.0 = Debug|Any CPU
		{FCAAEB2D-E1F3-41B2-B962-C98C87516126}.Debug|x64.ActiveCfg = Debug|Any CPU
		{FCAAEB2D-E1F3-41B2-B962-C98C87516126}.Debug|x86.ActiveCfg = Debug|Any CPU
		{FCAAEB2D-E1F3-41B2-B962-C98C87516126}.Release|Any CPU.ActiveCfg = Release|Any CPU
		{FCAAEB2D-E1F3-41B2-B962-C98C87516126}.Release|Any CPU.Build.0 = Release|Any CPU
		{FCAAEB2D-E1F3-41B2-B962-C98C87516126}.Release|Mixed Platforms.ActiveCfg = Release|Any CPU
		{FCAAEB2D-E1F3-41B2-B962-C98C87516126}.Release|Mixed Platforms.Build.0 = Release|Any CPU
		{FCAAEB2D-E1F3-41B2-B962-C98C87516126}.Release|x64.ActiveCfg = Release|Any CPU
		{FCAAEB2D-E1F3-41B2-B962-C98C87516126}.Release|x86.ActiveCfg = Release|Any CPU
		{0271771D-2A8E-48F3-A2D3-CD0E4A06ACB8}.CoreTabular|Any CPU.ActiveCfg = Release|Any CPU
		{0271771D-2A8E-48F3-A2D3-CD0E4A06ACB8}.CoreTabular|Any CPU.Build.0 = Release|Any CPU
		{0271771D-2A8E-48F3-A2D3-CD0E4A06ACB8}.CoreTabular|Mixed Platforms.ActiveCfg = Release|Any CPU
		{0271771D-2A8E-48F3-A2D3-CD0E4A06ACB8}.CoreTabular|Mixed Platforms.Build.0 = Release|Any CPU
		{0271771D-2A8E-48F3-A2D3-CD0E4A06ACB8}.CoreTabular|x64.ActiveCfg = Release|x64
		{0271771D-2A8E-48F3-A2D3-CD0E4A06ACB8}.CoreTabular|x64.Build.0 = Release|x64
		{0271771D-2A8E-48F3-A2D3-CD0E4A06ACB8}.CoreTabular|x86.ActiveCfg = Release|Any CPU
		{0271771D-2A8E-48F3-A2D3-CD0E4A06ACB8}.Debug|Any CPU.ActiveCfg = Debug|Any CPU
		{0271771D-2A8E-48F3-A2D3-CD0E4A06ACB8}.Debug|Any CPU.Build.0 = Debug|Any CPU
		{0271771D-2A8E-48F3-A2D3-CD0E4A06ACB8}.Debug|Mixed Platforms.ActiveCfg = Debug|Any CPU
		{0271771D-2A8E-48F3-A2D3-CD0E4A06ACB8}.Debug|Mixed Platforms.Build.0 = Debug|Any CPU
		{0271771D-2A8E-48F3-A2D3-CD0E4A06ACB8}.Debug|x64.ActiveCfg = Debug|x64
		{0271771D-2A8E-48F3-A2D3-CD0E4A06ACB8}.Debug|x64.Build.0 = Debug|x64
		{0271771D-2A8E-48F3-A2D3-CD0E4A06ACB8}.Debug|x86.ActiveCfg = Debug|Any CPU
		{0271771D-2A8E-48F3-A2D3-CD0E4A06ACB8}.Release|Any CPU.ActiveCfg = Release|Any CPU
		{0271771D-2A8E-48F3-A2D3-CD0E4A06ACB8}.Release|Any CPU.Build.0 = Release|Any CPU
		{0271771D-2A8E-48F3-A2D3-CD0E4A06ACB8}.Release|Mixed Platforms.ActiveCfg = Release|Any CPU
		{0271771D-2A8E-48F3-A2D3-CD0E4A06ACB8}.Release|Mixed Platforms.Build.0 = Release|Any CPU
		{0271771D-2A8E-48F3-A2D3-CD0E4A06ACB8}.Release|x64.ActiveCfg = Release|x64
		{0271771D-2A8E-48F3-A2D3-CD0E4A06ACB8}.Release|x64.Build.0 = Release|x64
		{0271771D-2A8E-48F3-A2D3-CD0E4A06ACB8}.Release|x86.ActiveCfg = Release|Any CPU
		{0D2AAC5F-656F-48D6-8D8E-5401E031A94B}.CoreTabular|Any CPU.ActiveCfg = CoreTabular|Any CPU
		{0D2AAC5F-656F-48D6-8D8E-5401E031A94B}.CoreTabular|Any CPU.Build.0 = CoreTabular|Any CPU
		{0D2AAC5F-656F-48D6-8D8E-5401E031A94B}.CoreTabular|Mixed Platforms.ActiveCfg = CoreTabular|Any CPU
		{0D2AAC5F-656F-48D6-8D8E-5401E031A94B}.CoreTabular|Mixed Platforms.Build.0 = CoreTabular|Any CPU
		{0D2AAC5F-656F-48D6-8D8E-5401E031A94B}.CoreTabular|x64.ActiveCfg = CoreTabular|Any CPU
		{0D2AAC5F-656F-48D6-8D8E-5401E031A94B}.CoreTabular|x86.ActiveCfg = CoreTabular|Any CPU
		{0D2AAC5F-656F-48D6-8D8E-5401E031A94B}.Debug|Any CPU.ActiveCfg = Debug|Any CPU
		{0D2AAC5F-656F-48D6-8D8E-5401E031A94B}.Debug|Any CPU.Build.0 = Debug|Any CPU
		{0D2AAC5F-656F-48D6-8D8E-5401E031A94B}.Debug|Mixed Platforms.ActiveCfg = Debug|Any CPU
		{0D2AAC5F-656F-48D6-8D8E-5401E031A94B}.Debug|Mixed Platforms.Build.0 = Debug|Any CPU
		{0D2AAC5F-656F-48D6-8D8E-5401E031A94B}.Debug|x64.ActiveCfg = Debug|Any CPU
		{0D2AAC5F-656F-48D6-8D8E-5401E031A94B}.Debug|x86.ActiveCfg = Debug|Any CPU
		{0D2AAC5F-656F-48D6-8D8E-5401E031A94B}.Release|Any CPU.ActiveCfg = Release|Any CPU
		{0D2AAC5F-656F-48D6-8D8E-5401E031A94B}.Release|Any CPU.Build.0 = Release|Any CPU
		{0D2AAC5F-656F-48D6-8D8E-5401E031A94B}.Release|Mixed Platforms.ActiveCfg = Release|Any CPU
		{0D2AAC5F-656F-48D6-8D8E-5401E031A94B}.Release|Mixed Platforms.Build.0 = Release|Any CPU
		{0D2AAC5F-656F-48D6-8D8E-5401E031A94B}.Release|x64.ActiveCfg = Release|Any CPU
		{0D2AAC5F-656F-48D6-8D8E-5401E031A94B}.Release|x86.ActiveCfg = Release|Any CPU
		{5F6CE5C9-3657-497D-B128-2076FB8FBD9C}.CoreTabular|Any CPU.ActiveCfg = Release|Any CPU
		{5F6CE5C9-3657-497D-B128-2076FB8FBD9C}.CoreTabular|Any CPU.Build.0 = Release|Any CPU
		{5F6CE5C9-3657-497D-B128-2076FB8FBD9C}.CoreTabular|Mixed Platforms.ActiveCfg = Release|Any CPU
		{5F6CE5C9-3657-497D-B128-2076FB8FBD9C}.CoreTabular|Mixed Platforms.Build.0 = Release|Any CPU
		{5F6CE5C9-3657-497D-B128-2076FB8FBD9C}.CoreTabular|x64.ActiveCfg = Release|x64
		{5F6CE5C9-3657-497D-B128-2076FB8FBD9C}.CoreTabular|x64.Build.0 = Release|x64
		{5F6CE5C9-3657-497D-B128-2076FB8FBD9C}.CoreTabular|x86.ActiveCfg = Release|Any CPU
		{5F6CE5C9-3657-497D-B128-2076FB8FBD9C}.Debug|Any CPU.ActiveCfg = Debug|Any CPU
		{5F6CE5C9-3657-497D-B128-2076FB8FBD9C}.Debug|Any CPU.Build.0 = Debug|Any CPU
		{5F6CE5C9-3657-497D-B128-2076FB8FBD9C}.Debug|Mixed Platforms.ActiveCfg = Debug|Any CPU
		{5F6CE5C9-3657-497D-B128-2076FB8FBD9C}.Debug|Mixed Platforms.Build.0 = Debug|Any CPU
		{5F6CE5C9-3657-497D-B128-2076FB8FBD9C}.Debug|x64.ActiveCfg = Debug|x64
		{5F6CE5C9-3657-497D-B128-2076FB8FBD9C}.Debug|x64.Build.0 = Debug|x64
		{5F6CE5C9-3657-497D-B128-2076FB8FBD9C}.Debug|x86.ActiveCfg = Debug|Any CPU
		{5F6CE5C9-3657-497D-B128-2076FB8FBD9C}.Release|Any CPU.ActiveCfg = Release|Any CPU
		{5F6CE5C9-3657-497D-B128-2076FB8FBD9C}.Release|Any CPU.Build.0 = Release|Any CPU
		{5F6CE5C9-3657-497D-B128-2076FB8FBD9C}.Release|Mixed Platforms.ActiveCfg = Release|Any CPU
		{5F6CE5C9-3657-497D-B128-2076FB8FBD9C}.Release|Mixed Platforms.Build.0 = Release|Any CPU
		{5F6CE5C9-3657-497D-B128-2076FB8FBD9C}.Release|x64.ActiveCfg = Release|x64
		{5F6CE5C9-3657-497D-B128-2076FB8FBD9C}.Release|x64.Build.0 = Release|x64
		{5F6CE5C9-3657-497D-B128-2076FB8FBD9C}.Release|x86.ActiveCfg = Release|Any CPU
		{78697A20-1A1A-405F-A13E-79744331BA57}.CoreTabular|Any CPU.ActiveCfg = Release|Any CPU
		{78697A20-1A1A-405F-A13E-79744331BA57}.CoreTabular|Any CPU.Build.0 = Release|Any CPU
		{78697A20-1A1A-405F-A13E-79744331BA57}.CoreTabular|Mixed Platforms.ActiveCfg = Release|Any CPU
		{78697A20-1A1A-405F-A13E-79744331BA57}.CoreTabular|Mixed Platforms.Build.0 = Release|Any CPU
		{78697A20-1A1A-405F-A13E-79744331BA57}.CoreTabular|x64.ActiveCfg = Release|x64
		{78697A20-1A1A-405F-A13E-79744331BA57}.CoreTabular|x64.Build.0 = Release|x64
		{78697A20-1A1A-405F-A13E-79744331BA57}.CoreTabular|x86.ActiveCfg = Release|Any CPU
		{78697A20-1A1A-405F-A13E-79744331BA57}.Debug|Any CPU.ActiveCfg = Debug|Any CPU
		{78697A20-1A1A-405F-A13E-79744331BA57}.Debug|Any CPU.Build.0 = Debug|Any CPU
		{78697A20-1A1A-405F-A13E-79744331BA57}.Debug|Mixed Platforms.ActiveCfg = Debug|Any CPU
		{78697A20-1A1A-405F-A13E-79744331BA57}.Debug|Mixed Platforms.Build.0 = Debug|Any CPU
		{78697A20-1A1A-405F-A13E-79744331BA57}.Debug|x64.ActiveCfg = Debug|x64
		{78697A20-1A1A-405F-A13E-79744331BA57}.Debug|x64.Build.0 = Debug|x64
		{78697A20-1A1A-405F-A13E-79744331BA57}.Debug|x86.ActiveCfg = Debug|Any CPU
		{78697A20-1A1A-405F-A13E-79744331BA57}.Release|Any CPU.ActiveCfg = Release|Any CPU
		{78697A20-1A1A-405F-A13E-79744331BA57}.Release|Any CPU.Build.0 = Release|Any CPU
		{78697A20-1A1A-405F-A13E-79744331BA57}.Release|Mixed Platforms.ActiveCfg = Release|Any CPU
		{78697A20-1A1A-405F-A13E-79744331BA57}.Release|Mixed Platforms.Build.0 = Release|Any CPU
		{78697A20-1A1A-405F-A13E-79744331BA57}.Release|x64.ActiveCfg = Release|x64
		{78697A20-1A1A-405F-A13E-79744331BA57}.Release|x64.Build.0 = Release|x64
		{78697A20-1A1A-405F-A13E-79744331BA57}.Release|x86.ActiveCfg = Release|Any CPU
		{30597BE9-08F8-4832-8AB7-009C00A6A2F2}.CoreTabular|Any CPU.ActiveCfg = Release|Any CPU
		{30597BE9-08F8-4832-8AB7-009C00A6A2F2}.CoreTabular|Any CPU.Build.0 = Release|Any CPU
		{30597BE9-08F8-4832-8AB7-009C00A6A2F2}.CoreTabular|Mixed Platforms.ActiveCfg = Release|x86
		{30597BE9-08F8-4832-8AB7-009C00A6A2F2}.CoreTabular|Mixed Platforms.Build.0 = Release|x86
		{30597BE9-08F8-4832-8AB7-009C00A6A2F2}.CoreTabular|x64.ActiveCfg = Release|Any CPU
		{30597BE9-08F8-4832-8AB7-009C00A6A2F2}.CoreTabular|x86.ActiveCfg = Release|x86
		{30597BE9-08F8-4832-8AB7-009C00A6A2F2}.CoreTabular|x86.Build.0 = Release|x86
		{30597BE9-08F8-4832-8AB7-009C00A6A2F2}.Debug|Any CPU.ActiveCfg = Debug|Any CPU
		{30597BE9-08F8-4832-8AB7-009C00A6A2F2}.Debug|Any CPU.Build.0 = Debug|Any CPU
		{30597BE9-08F8-4832-8AB7-009C00A6A2F2}.Debug|Mixed Platforms.ActiveCfg = Debug|x86
		{30597BE9-08F8-4832-8AB7-009C00A6A2F2}.Debug|Mixed Platforms.Build.0 = Debug|x86
		{30597BE9-08F8-4832-8AB7-009C00A6A2F2}.Debug|x64.ActiveCfg = Debug|Any CPU
		{30597BE9-08F8-4832-8AB7-009C00A6A2F2}.Debug|x86.ActiveCfg = Debug|x86
		{30597BE9-08F8-4832-8AB7-009C00A6A2F2}.Debug|x86.Build.0 = Debug|x86
		{30597BE9-08F8-4832-8AB7-009C00A6A2F2}.Release|Any CPU.ActiveCfg = Release|Any CPU
		{30597BE9-08F8-4832-8AB7-009C00A6A2F2}.Release|Any CPU.Build.0 = Release|Any CPU
		{30597BE9-08F8-4832-8AB7-009C00A6A2F2}.Release|Mixed Platforms.ActiveCfg = Release|x86
		{30597BE9-08F8-4832-8AB7-009C00A6A2F2}.Release|Mixed Platforms.Build.0 = Release|x86
		{30597BE9-08F8-4832-8AB7-009C00A6A2F2}.Release|x64.ActiveCfg = Release|Any CPU
		{30597BE9-08F8-4832-8AB7-009C00A6A2F2}.Release|x86.ActiveCfg = Release|x86
		{30597BE9-08F8-4832-8AB7-009C00A6A2F2}.Release|x86.Build.0 = Release|x86
		{FCAF64F0-A78E-4D85-93A2-2C60CDE92B51}.CoreTabular|Any CPU.ActiveCfg = Release|Any CPU
		{FCAF64F0-A78E-4D85-93A2-2C60CDE92B51}.CoreTabular|Any CPU.Build.0 = Release|Any CPU
		{FCAF64F0-A78E-4D85-93A2-2C60CDE92B51}.CoreTabular|Mixed Platforms.ActiveCfg = Release|Any CPU
		{FCAF64F0-A78E-4D85-93A2-2C60CDE92B51}.CoreTabular|Mixed Platforms.Build.0 = Release|Any CPU
		{FCAF64F0-A78E-4D85-93A2-2C60CDE92B51}.CoreTabular|x64.ActiveCfg = Release|Any CPU
		{FCAF64F0-A78E-4D85-93A2-2C60CDE92B51}.CoreTabular|x86.ActiveCfg = Release|Any CPU
		{FCAF64F0-A78E-4D85-93A2-2C60CDE92B51}.Debug|Any CPU.ActiveCfg = Debug|Any CPU
		{FCAF64F0-A78E-4D85-93A2-2C60CDE92B51}.Debug|Any CPU.Build.0 = Debug|Any CPU
		{FCAF64F0-A78E-4D85-93A2-2C60CDE92B51}.Debug|Mixed Platforms.ActiveCfg = Debug|Any CPU
		{FCAF64F0-A78E-4D85-93A2-2C60CDE92B51}.Debug|Mixed Platforms.Build.0 = Debug|Any CPU
		{FCAF64F0-A78E-4D85-93A2-2C60CDE92B51}.Debug|x64.ActiveCfg = Debug|Any CPU
		{FCAF64F0-A78E-4D85-93A2-2C60CDE92B51}.Debug|x86.ActiveCfg = Debug|Any CPU
		{FCAF64F0-A78E-4D85-93A2-2C60CDE92B51}.Release|Any CPU.ActiveCfg = Release|Any CPU
		{FCAF64F0-A78E-4D85-93A2-2C60CDE92B51}.Release|Any CPU.Build.0 = Release|Any CPU
		{FCAF64F0-A78E-4D85-93A2-2C60CDE92B51}.Release|Mixed Platforms.ActiveCfg = Release|Any CPU
		{FCAF64F0-A78E-4D85-93A2-2C60CDE92B51}.Release|Mixed Platforms.Build.0 = Release|Any CPU
		{FCAF64F0-A78E-4D85-93A2-2C60CDE92B51}.Release|x64.ActiveCfg = Release|Any CPU
		{FCAF64F0-A78E-4D85-93A2-2C60CDE92B51}.Release|x86.ActiveCfg = Release|Any CPU
		{B0617AE4-5ECD-45FA-A4AD-AC80D2B3EF1B}.CoreTabular|Any CPU.ActiveCfg = Release|Any CPU
		{B0617AE4-5ECD-45FA-A4AD-AC80D2B3EF1B}.CoreTabular|Any CPU.Build.0 = Release|Any CPU
		{B0617AE4-5ECD-45FA-A4AD-AC80D2B3EF1B}.CoreTabular|Mixed Platforms.ActiveCfg = Release|Any CPU
		{B0617AE4-5ECD-45FA-A4AD-AC80D2B3EF1B}.CoreTabular|Mixed Platforms.Build.0 = Release|Any CPU
		{B0617AE4-5ECD-45FA-A4AD-AC80D2B3EF1B}.CoreTabular|x64.ActiveCfg = Release|Any CPU
		{B0617AE4-5ECD-45FA-A4AD-AC80D2B3EF1B}.CoreTabular|x86.ActiveCfg = Release|Any CPU
		{B0617AE4-5ECD-45FA-A4AD-AC80D2B3EF1B}.Debug|Any CPU.ActiveCfg = Debug|Any CPU
		{B0617AE4-5ECD-45FA-A4AD-AC80D2B3EF1B}.Debug|Any CPU.Build.0 = Debug|Any CPU
		{B0617AE4-5ECD-45FA-A4AD-AC80D2B3EF1B}.Debug|Mixed Platforms.ActiveCfg = Debug|Any CPU
		{B0617AE4-5ECD-45FA-A4AD-AC80D2B3EF1B}.Debug|Mixed Platforms.Build.0 = Debug|Any CPU
		{B0617AE4-5ECD-45FA-A4AD-AC80D2B3EF1B}.Debug|x64.ActiveCfg = Debug|Any CPU
		{B0617AE4-5ECD-45FA-A4AD-AC80D2B3EF1B}.Debug|x86.ActiveCfg = Debug|Any CPU
		{B0617AE4-5ECD-45FA-A4AD-AC80D2B3EF1B}.Release|Any CPU.ActiveCfg = Release|Any CPU
		{B0617AE4-5ECD-45FA-A4AD-AC80D2B3EF1B}.Release|Any CPU.Build.0 = Release|Any CPU
		{B0617AE4-5ECD-45FA-A4AD-AC80D2B3EF1B}.Release|Mixed Platforms.ActiveCfg = Release|Any CPU
		{B0617AE4-5ECD-45FA-A4AD-AC80D2B3EF1B}.Release|Mixed Platforms.Build.0 = Release|Any CPU
		{B0617AE4-5ECD-45FA-A4AD-AC80D2B3EF1B}.Release|x64.ActiveCfg = Release|Any CPU
		{B0617AE4-5ECD-45FA-A4AD-AC80D2B3EF1B}.Release|x86.ActiveCfg = Release|Any CPU
		{5257638A-CC80-46EB-BE75-DB9AD91D8B02}.CoreTabular|Any CPU.ActiveCfg = Release|Any CPU
		{5257638A-CC80-46EB-BE75-DB9AD91D8B02}.CoreTabular|Any CPU.Build.0 = Release|Any CPU
		{5257638A-CC80-46EB-BE75-DB9AD91D8B02}.CoreTabular|Mixed Platforms.ActiveCfg = Release|Any CPU
		{5257638A-CC80-46EB-BE75-DB9AD91D8B02}.CoreTabular|Mixed Platforms.Build.0 = Release|Any CPU
		{5257638A-CC80-46EB-BE75-DB9AD91D8B02}.CoreTabular|x64.ActiveCfg = Release|Any CPU
		{5257638A-CC80-46EB-BE75-DB9AD91D8B02}.CoreTabular|x86.ActiveCfg = Release|Any CPU
		{5257638A-CC80-46EB-BE75-DB9AD91D8B02}.Debug|Any CPU.ActiveCfg = Debug|Any CPU
		{5257638A-CC80-46EB-BE75-DB9AD91D8B02}.Debug|Any CPU.Build.0 = Debug|Any CPU
		{5257638A-CC80-46EB-BE75-DB9AD91D8B02}.Debug|Mixed Platforms.ActiveCfg = Debug|Any CPU
		{5257638A-CC80-46EB-BE75-DB9AD91D8B02}.Debug|Mixed Platforms.Build.0 = Debug|Any CPU
		{5257638A-CC80-46EB-BE75-DB9AD91D8B02}.Debug|x64.ActiveCfg = Debug|Any CPU
		{5257638A-CC80-46EB-BE75-DB9AD91D8B02}.Debug|x86.ActiveCfg = Debug|Any CPU
		{5257638A-CC80-46EB-BE75-DB9AD91D8B02}.Release|Any CPU.ActiveCfg = Release|Any CPU
		{5257638A-CC80-46EB-BE75-DB9AD91D8B02}.Release|Any CPU.Build.0 = Release|Any CPU
		{5257638A-CC80-46EB-BE75-DB9AD91D8B02}.Release|Mixed Platforms.ActiveCfg = Release|Any CPU
		{5257638A-CC80-46EB-BE75-DB9AD91D8B02}.Release|Mixed Platforms.Build.0 = Release|Any CPU
		{5257638A-CC80-46EB-BE75-DB9AD91D8B02}.Release|x64.ActiveCfg = Release|Any CPU
		{5257638A-CC80-46EB-BE75-DB9AD91D8B02}.Release|x86.ActiveCfg = Release|Any CPU
		{DBF75F1D-6A77-4007-A33B-498ABAFA4CD5}.CoreTabular|Any CPU.ActiveCfg = Release|Any CPU
		{DBF75F1D-6A77-4007-A33B-498ABAFA4CD5}.CoreTabular|Any CPU.Build.0 = Release|Any CPU
		{DBF75F1D-6A77-4007-A33B-498ABAFA4CD5}.CoreTabular|Mixed Platforms.ActiveCfg = Release|Any CPU
		{DBF75F1D-6A77-4007-A33B-498ABAFA4CD5}.CoreTabular|Mixed Platforms.Build.0 = Release|Any CPU
		{DBF75F1D-6A77-4007-A33B-498ABAFA4CD5}.CoreTabular|x64.ActiveCfg = Release|Any CPU
		{DBF75F1D-6A77-4007-A33B-498ABAFA4CD5}.CoreTabular|x86.ActiveCfg = Release|Any CPU
		{DBF75F1D-6A77-4007-A33B-498ABAFA4CD5}.Debug|Any CPU.ActiveCfg = Debug|Any CPU
		{DBF75F1D-6A77-4007-A33B-498ABAFA4CD5}.Debug|Any CPU.Build.0 = Debug|Any CPU
		{DBF75F1D-6A77-4007-A33B-498ABAFA4CD5}.Debug|Mixed Platforms.ActiveCfg = Debug|Any CPU
		{DBF75F1D-6A77-4007-A33B-498ABAFA4CD5}.Debug|Mixed Platforms.Build.0 = Debug|Any CPU
		{DBF75F1D-6A77-4007-A33B-498ABAFA4CD5}.Debug|x64.ActiveCfg = Debug|Any CPU
		{DBF75F1D-6A77-4007-A33B-498ABAFA4CD5}.Debug|x86.ActiveCfg = Debug|Any CPU
		{DBF75F1D-6A77-4007-A33B-498ABAFA4CD5}.Release|Any CPU.ActiveCfg = Release|Any CPU
		{DBF75F1D-6A77-4007-A33B-498ABAFA4CD5}.Release|Any CPU.Build.0 = Release|Any CPU
		{DBF75F1D-6A77-4007-A33B-498ABAFA4CD5}.Release|Mixed Platforms.ActiveCfg = Release|Any CPU
		{DBF75F1D-6A77-4007-A33B-498ABAFA4CD5}.Release|Mixed Platforms.Build.0 = Release|Any CPU
		{DBF75F1D-6A77-4007-A33B-498ABAFA4CD5}.Release|x64.ActiveCfg = Release|Any CPU
		{DBF75F1D-6A77-4007-A33B-498ABAFA4CD5}.Release|x86.ActiveCfg = Release|Any CPU
		{A10A61C0-60CE-44DD-BB4B-9AC23F81C0CA}.CoreTabular|Any CPU.ActiveCfg = Release|Any CPU
		{A10A61C0-60CE-44DD-BB4B-9AC23F81C0CA}.CoreTabular|Any CPU.Build.0 = Release|Any CPU
		{A10A61C0-60CE-44DD-BB4B-9AC23F81C0CA}.CoreTabular|Mixed Platforms.ActiveCfg = Release|Any CPU
		{A10A61C0-60CE-44DD-BB4B-9AC23F81C0CA}.CoreTabular|Mixed Platforms.Build.0 = Release|Any CPU
		{A10A61C0-60CE-44DD-BB4B-9AC23F81C0CA}.CoreTabular|x64.ActiveCfg = Release|Any CPU
		{A10A61C0-60CE-44DD-BB4B-9AC23F81C0CA}.CoreTabular|x86.ActiveCfg = Release|Any CPU
		{A10A61C0-60CE-44DD-BB4B-9AC23F81C0CA}.Debug|Any CPU.ActiveCfg = Debug|Any CPU
		{A10A61C0-60CE-44DD-BB4B-9AC23F81C0CA}.Debug|Any CPU.Build.0 = Debug|Any CPU
		{A10A61C0-60CE-44DD-BB4B-9AC23F81C0CA}.Debug|Mixed Platforms.ActiveCfg = Debug|Any CPU
		{A10A61C0-60CE-44DD-BB4B-9AC23F81C0CA}.Debug|Mixed Platforms.Build.0 = Debug|Any CPU
		{A10A61C0-60CE-44DD-BB4B-9AC23F81C0CA}.Debug|x64.ActiveCfg = Debug|Any CPU
		{A10A61C0-60CE-44DD-BB4B-9AC23F81C0CA}.Debug|x86.ActiveCfg = Debug|Any CPU
		{A10A61C0-60CE-44DD-BB4B-9AC23F81C0CA}.Release|Any CPU.ActiveCfg = Release|Any CPU
		{A10A61C0-60CE-44DD-BB4B-9AC23F81C0CA}.Release|Any CPU.Build.0 = Release|Any CPU
		{A10A61C0-60CE-44DD-BB4B-9AC23F81C0CA}.Release|Mixed Platforms.ActiveCfg = Release|Any CPU
		{A10A61C0-60CE-44DD-BB4B-9AC23F81C0CA}.Release|Mixed Platforms.Build.0 = Release|Any CPU
		{A10A61C0-60CE-44DD-BB4B-9AC23F81C0CA}.Release|x64.ActiveCfg = Release|Any CPU
		{A10A61C0-60CE-44DD-BB4B-9AC23F81C0CA}.Release|x86.ActiveCfg = Release|Any CPU
	EndGlobalSection
	GlobalSection(SolutionProperties) = preSolution
		HideSolutionNode = FALSE
	EndGlobalSection
	GlobalSection(ExtensibilityGlobals) = postSolution
		EnterpriseLibraryConfigurationToolBinariesPath = packages\Unity.2.1.505.2\lib\NET35
	EndGlobalSection
EndGlobal
